
Microsoft Visual Studio Solution File, Format Version 12.00
# Visual Studio Version 17
VisualStudioVersion = 17.12.35527.113 d17.12
MinimumVisualStudioVersion = 10.0.40219.1
Project("{FAE04EC0-301F-11D3-BF4B-00C04F79EFBC}") = "ECommerceAPI", "ECommerceAPI.csproj", "{A7026F73-4F86-48D2-9B37-4B584FA1DAFA}"
EndProject
Project("{FAE04EC0-301F-11D3-BF4B-00C04F79EFBC}") = "Core", "..\Core\Core.csproj", "{DC17F731-8A83-44DC-91F5-CF4B87521BCC}"
EndProject
Project("{FAE04EC0-301F-11D3-BF4B-00C04F79EFBC}") = "Infrastructure", "..\Infrastructure\Infrastructure.csproj", "{5B0E95E3-9025-4ACF-BD14-88BF7D66BCFA}"
EndProject
Global
	GlobalSection(SolutionConfigurationPlatforms) = preSolution
		Debug|Any CPU = Debug|Any CPU
		Release|Any CPU = Release|Any CPU
	EndGlobalSection
	GlobalSection(ProjectConfigurationPlatforms) = postSolution
		{A7026F73-4F86-48D2-9B37-4B584FA1DAFA}.Debug|Any CPU.ActiveCfg = Debug|Any CPU
		{A7026F73-4F86-48D2-9B37-4B584FA1DAFA}.Debug|Any CPU.Build.0 = Debug|Any CPU
		{A7026F73-4F86-48D2-9B37-4B584FA1DAFA}.Release|Any CPU.ActiveCfg = Release|Any CPU
		{A7026F73-4F86-48D2-9B37-4B584FA1DAFA}.Release|Any CPU.Build.0 = Release|Any CPU
		{DC17F731-8A83-44DC-91F5-CF4B87521BCC}.Debug|Any CPU.ActiveCfg = Debug|Any CPU
		{DC17F731-8A83-44DC-91F5-CF4B87521BCC}.Debug|Any CPU.Build.0 = Debug|Any CPU
		{DC17F731-8A83-44DC-91F5-CF4B87521BCC}.Release|Any CPU.ActiveCfg = Release|Any CPU
		{DC17F731-8A83-44DC-91F5-CF4B87521BCC}.Release|Any CPU.Build.0 = Release|Any CPU
		{5B0E95E3-9025-4ACF-BD14-88BF7D66BCFA}.Debug|Any CPU.ActiveCfg = Debug|Any CPU
		{5B0E95E3-9025-4ACF-BD14-88BF7D66BCFA}.Debug|Any CPU.Build.0 = Debug|Any CPU
		{5B0E95E3-9025-4ACF-BD14-88BF7D66BCFA}.Release|Any CPU.ActiveCfg = Release|Any CPU
		{5B0E95E3-9025-4ACF-BD14-88BF7D66BCFA}.Release|Any CPU.Build.0 = Release|Any CPU
	EndGlobalSection
	GlobalSection(SolutionProperties) = preSolution
		HideSolutionNode = FALSE
	EndGlobalSection
EndGlobal
